
Microsoft Visual Studio Solution File, Format Version 12.00
# Visual Studio Version 17
VisualStudioVersion = 17.1.32407.343
MinimumVisualStudioVersion = 10.0.40219.1
Project("{FAE04EC0-301F-11D3-BF4B-00C04F79EFBC}") = "LeaveManagement.Web", "LeaveManagement.Web\LeaveManagement.Web.csproj", "{051B9615-6303-432D-9C21-BBAE162604D7}"
EndProject
Project("{2150E333-8FDC-42A3-9474-1A3956D46DE8}") = "Solution Items", "Solution Items", "{71495AFE-C257-4102-A84D-E31EC68FE79D}"
	ProjectSection(SolutionItems) = preProject
		Readme.txt = Readme.txt
	EndProjectSection
EndProject
Global
	GlobalSection(SolutionConfigurationPlatforms) = preSolution
		Debug|Any CPU = Debug|Any CPU
		Release|Any CPU = Release|Any CPU
	EndGlobalSection
	GlobalSection(ProjectConfigurationPlatforms) = postSolution
		{051B9615-6303-432D-9C21-BBAE162604D7}.Debug|Any CPU.ActiveCfg = Debug|Any CPU
		{051B9615-6303-432D-9C21-BBAE162604D7}.Debug|Any CPU.Build.0 = Debug|Any CPU
		{051B9615-6303-432D-9C21-BBAE162604D7}.Release|Any CPU.ActiveCfg = Release|Any CPU
		{051B9615-6303-432D-9C21-BBAE162604D7}.Release|Any CPU.Build.0 = Release|Any CPU
	EndGlobalSection
	GlobalSection(SolutionProperties) = preSolution
		HideSolutionNode = FALSE
	EndGlobalSection
	GlobalSection(ExtensibilityGlobals) = postSolution
		SolutionGuid = {3091E040-BFB0-47B3-9838-5C001890DC90}
	EndGlobalSection
EndGlobal
